
Microsoft Visual Studio Solution File, Format Version 12.00
# Visual Studio Version 17
VisualStudioVersion = 17.1.31903.286
MinimumVisualStudioVersion = 10.0.40219.1
Project("{2150E333-8FDC-42A3-9474-1A3956D46DE8}") = "Samples", "Samples", "{83780E36-62A4-4496-9CBF-AE7106C79B0C}"
EndProject
Project("{FAE04EC0-301F-11D3-BF4B-00C04F79EFBC}") = "NetX.AutoServiceGenerator", "NetX.AutoServiceGenerator\NetX.AutoServiceGenerator.csproj", "{6D5B9450-91D2-47C0-B5BB-EA2C6CFCBE66}"
EndProject
Project("{FAE04EC0-301F-11D3-BF4B-00C04F79EFBC}") = "NetX.AutoServiceGenerator.Definitions", "NetX.AutoServiceGenerator.Definitions\NetX.AutoServiceGenerator.Definitions.csproj", "{7ECBD5BB-6488-4942-9293-9FABB1317B9E}"
EndProject
Project("{FAE04EC0-301F-11D3-BF4B-00C04F79EFBC}") = "AutoServiceServerSample", "samples\AutoServiceServerSample\AutoServiceServerSample.csproj", "{0E6EA065-4831-484B-821F-F0819D62B0CB}"
EndProject
Project("{FAE04EC0-301F-11D3-BF4B-00C04F79EFBC}") = "AutoServiceServerSample.Definitions", "samples\AutoServiceServerSample.Definitions\AutoServiceServerSample.Definitions.csproj", "{DCAD2E95-8D1C-48F9-A749-C46A92E0BB0B}"
EndProject
Project("{FAE04EC0-301F-11D3-BF4B-00C04F79EFBC}") = "AutoServiceClientSample", "samples\AutoServiceClientSample\AutoServiceClientSample.csproj", "{2CF238E0-AD3D-4D8A-AEB1-573802C58795}"
EndProject
Project("{FAE04EC0-301F-11D3-BF4B-00C04F79EFBC}") = "AutoServiceClientSample.Definitions", "samples\AutoServiceClientSample.Definitions\AutoServiceClientSample.Definitions.csproj", "{7B554378-12E9-47A4-85EB-3569748755BE}"
EndProject
Project("{2150E333-8FDC-42A3-9474-1A3956D46DE8}") = "Tests", "Tests", "{F9A88236-0A20-4955-8B12-C129EE49A127}"
EndProject
Project("{FAE04EC0-301F-11D3-BF4B-00C04F79EFBC}") = "NetX.AutoServiceGenerator.E2ETests.Definitions", "tests\NetX.AutoServiceGenerator.E2ETests.Definitions\NetX.AutoServiceGenerator.E2ETests.Definitions.csproj", "{D7583197-5C2C-44D3-B2CC-8C65CFD7778D}"
EndProject
Project("{FAE04EC0-301F-11D3-BF4B-00C04F79EFBC}") = "NetX.AutoServiceGenerator.E2ETests", "tests\NetX.AutoServiceGenerator.E2ETests\NetX.AutoServiceGenerator.E2ETests.csproj", "{C9BB6526-1785-445F-8F8D-D9D5509B4C68}"
EndProject
Global
	GlobalSection(SolutionConfigurationPlatforms) = preSolution
		Debug|Any CPU = Debug|Any CPU
		Debug|x64 = Debug|x64
		Debug|x86 = Debug|x86
		Release|Any CPU = Release|Any CPU
		Release|x64 = Release|x64
		Release|x86 = Release|x86
	EndGlobalSection
	GlobalSection(ProjectConfigurationPlatforms) = postSolution
		{6D5B9450-91D2-47C0-B5BB-EA2C6CFCBE66}.Debug|Any CPU.ActiveCfg = Debug|Any CPU
		{6D5B9450-91D2-47C0-B5BB-EA2C6CFCBE66}.Debug|Any CPU.Build.0 = Debug|Any CPU
		{6D5B9450-91D2-47C0-B5BB-EA2C6CFCBE66}.Debug|x64.ActiveCfg = Debug|Any CPU
		{6D5B9450-91D2-47C0-B5BB-EA2C6CFCBE66}.Debug|x64.Build.0 = Debug|Any CPU
		{6D5B9450-91D2-47C0-B5BB-EA2C6CFCBE66}.Debug|x86.ActiveCfg = Debug|Any CPU
		{6D5B9450-91D2-47C0-B5BB-EA2C6CFCBE66}.Debug|x86.Build.0 = Debug|Any CPU
		{6D5B9450-91D2-47C0-B5BB-EA2C6CFCBE66}.Release|Any CPU.ActiveCfg = Release|Any CPU
		{6D5B9450-91D2-47C0-B5BB-EA2C6CFCBE66}.Release|Any CPU.Build.0 = Release|Any CPU
		{6D5B9450-91D2-47C0-B5BB-EA2C6CFCBE66}.Release|x64.ActiveCfg = Release|Any CPU
		{6D5B9450-91D2-47C0-B5BB-EA2C6CFCBE66}.Release|x64.Build.0 = Release|Any CPU
		{6D5B9450-91D2-47C0-B5BB-EA2C6CFCBE66}.Release|x86.ActiveCfg = Release|Any CPU
		{6D5B9450-91D2-47C0-B5BB-EA2C6CFCBE66}.Release|x86.Build.0 = Release|Any CPU
		{7ECBD5BB-6488-4942-9293-9FABB1317B9E}.Debug|Any CPU.ActiveCfg = Debug|Any CPU
		{7ECBD5BB-6488-4942-9293-9FABB1317B9E}.Debug|Any CPU.Build.0 = Debug|Any CPU
		{7ECBD5BB-6488-4942-9293-9FABB1317B9E}.Debug|x64.ActiveCfg = Debug|Any CPU
		{7ECBD5BB-6488-4942-9293-9FABB1317B9E}.Debug|x64.Build.0 = Debug|Any CPU
		{7ECBD5BB-6488-4942-9293-9FABB1317B9E}.Debug|x86.ActiveCfg = Debug|Any CPU
		{7ECBD5BB-6488-4942-9293-9FABB1317B9E}.Debug|x86.Build.0 = Debug|Any CPU
		{7ECBD5BB-6488-4942-9293-9FABB1317B9E}.Release|Any CPU.ActiveCfg = Release|Any CPU
		{7ECBD5BB-6488-4942-9293-9FABB1317B9E}.Release|Any CPU.Build.0 = Release|Any CPU
		{7ECBD5BB-6488-4942-9293-9FABB1317B9E}.Release|x64.ActiveCfg = Release|Any CPU
		{7ECBD5BB-6488-4942-9293-9FABB1317B9E}.Release|x64.Build.0 = Release|Any CPU
		{7ECBD5BB-6488-4942-9293-9FABB1317B9E}.Release|x86.ActiveCfg = Release|Any CPU
		{7ECBD5BB-6488-4942-9293-9FABB1317B9E}.Release|x86.Build.0 = Release|Any CPU
		{0E6EA065-4831-484B-821F-F0819D62B0CB}.Debug|Any CPU.ActiveCfg = Debug|Any CPU
		{0E6EA065-4831-484B-821F-F0819D62B0CB}.Debug|Any CPU.Build.0 = Debug|Any CPU
		{0E6EA065-4831-484B-821F-F0819D62B0CB}.Debug|x64.ActiveCfg = Debug|Any CPU
		{0E6EA065-4831-484B-821F-F0819D62B0CB}.Debug|x64.Build.0 = Debug|Any CPU
		{0E6EA065-4831-484B-821F-F0819D62B0CB}.Debug|x86.ActiveCfg = Debug|Any CPU
		{0E6EA065-4831-484B-821F-F0819D62B0CB}.Debug|x86.Build.0 = Debug|Any CPU
		{0E6EA065-4831-484B-821F-F0819D62B0CB}.Release|Any CPU.ActiveCfg = Release|Any CPU
		{0E6EA065-4831-484B-821F-F0819D62B0CB}.Release|Any CPU.Build.0 = Release|Any CPU
		{0E6EA065-4831-484B-821F-F0819D62B0CB}.Release|x64.ActiveCfg = Release|Any CPU
		{0E6EA065-4831-484B-821F-F0819D62B0CB}.Release|x64.Build.0 = Release|Any CPU
		{0E6EA065-4831-484B-821F-F0819D62B0CB}.Release|x86.ActiveCfg = Release|Any CPU
		{0E6EA065-4831-484B-821F-F0819D62B0CB}.Release|x86.Build.0 = Release|Any CPU
		{DCAD2E95-8D1C-48F9-A749-C46A92E0BB0B}.Debug|Any CPU.ActiveCfg = Debug|Any CPU
		{DCAD2E95-8D1C-48F9-A749-C46A92E0BB0B}.Debug|Any CPU.Build.0 = Debug|Any CPU
		{DCAD2E95-8D1C-48F9-A749-C46A92E0BB0B}.Debug|x64.ActiveCfg = Debug|Any CPU
		{DCAD2E95-8D1C-48F9-A749-C46A92E0BB0B}.Debug|x64.Build.0 = Debug|Any CPU
		{DCAD2E95-8D1C-48F9-A749-C46A92E0BB0B}.Debug|x86.ActiveCfg = Debug|Any CPU
		{DCAD2E95-8D1C-48F9-A749-C46A92E0BB0B}.Debug|x86.Build.0 = Debug|Any CPU
		{DCAD2E95-8D1C-48F9-A749-C46A92E0BB0B}.Release|Any CPU.ActiveCfg = Release|Any CPU
		{DCAD2E95-8D1C-48F9-A749-C46A92E0BB0B}.Release|Any CPU.Build.0 = Release|Any CPU
		{DCAD2E95-8D1C-48F9-A749-C46A92E0BB0B}.Release|x64.ActiveCfg = Release|Any CPU
		{DCAD2E95-8D1C-48F9-A749-C46A92E0BB0B}.Release|x64.Build.0 = Release|Any CPU
		{DCAD2E95-8D1C-48F9-A749-C46A92E0BB0B}.Release|x86.ActiveCfg = Release|Any CPU
		{DCAD2E95-8D1C-48F9-A749-C46A92E0BB0B}.Release|x86.Build.0 = Release|Any CPU
		{2CF238E0-AD3D-4D8A-AEB1-573802C58795}.Debug|Any CPU.ActiveCfg = Debug|Any CPU
		{2CF238E0-AD3D-4D8A-AEB1-573802C58795}.Debug|Any CPU.Build.0 = Debug|Any CPU
		{2CF238E0-AD3D-4D8A-AEB1-573802C58795}.Debug|x64.ActiveCfg = Debug|Any CPU
		{2CF238E0-AD3D-4D8A-AEB1-573802C58795}.Debug|x64.Build.0 = Debug|Any CPU
		{2CF238E0-AD3D-4D8A-AEB1-573802C58795}.Debug|x86.ActiveCfg = Debug|Any CPU
		{2CF238E0-AD3D-4D8A-AEB1-573802C58795}.Debug|x86.Build.0 = Debug|Any CPU
		{2CF238E0-AD3D-4D8A-AEB1-573802C58795}.Release|Any CPU.ActiveCfg = Release|Any CPU
		{2CF238E0-AD3D-4D8A-AEB1-573802C58795}.Release|Any CPU.Build.0 = Release|Any CPU
		{2CF238E0-AD3D-4D8A-AEB1-573802C58795}.Release|x64.ActiveCfg = Release|Any CPU
		{2CF238E0-AD3D-4D8A-AEB1-573802C58795}.Release|x64.Build.0 = Release|Any CPU
		{2CF238E0-AD3D-4D8A-AEB1-573802C58795}.Release|x86.ActiveCfg = Release|Any CPU
		{2CF238E0-AD3D-4D8A-AEB1-573802C58795}.Release|x86.Build.0 = Release|Any CPU
		{7B554378-12E9-47A4-85EB-3569748755BE}.Debug|Any CPU.ActiveCfg = Debug|Any CPU
		{7B554378-12E9-47A4-85EB-3569748755BE}.Debug|Any CPU.Build.0 = Debug|Any CPU
		{7B554378-12E9-47A4-85EB-3569748755BE}.Debug|x64.ActiveCfg = Debug|Any CPU
		{7B554378-12E9-47A4-85EB-3569748755BE}.Debug|x64.Build.0 = Debug|Any CPU
		{7B554378-12E9-47A4-85EB-3569748755BE}.Debug|x86.ActiveCfg = Debug|Any CPU
		{7B554378-12E9-47A4-85EB-3569748755BE}.Debug|x86.Build.0 = Debug|Any CPU
		{7B554378-12E9-47A4-85EB-3569748755BE}.Release|Any CPU.ActiveCfg = Release|Any CPU
		{7B554378-12E9-47A4-85EB-3569748755BE}.Release|Any CPU.Build.0 = Release|Any CPU
		{7B554378-12E9-47A4-85EB-3569748755BE}.Release|x64.ActiveCfg = Release|Any CPU
		{7B554378-12E9-47A4-85EB-3569748755BE}.Release|x64.Build.0 = Release|Any CPU
		{7B554378-12E9-47A4-85EB-3569748755BE}.Release|x86.ActiveCfg = Release|Any CPU
		{7B554378-12E9-47A4-85EB-3569748755BE}.Release|x86.Build.0 = Release|Any CPU
		{D7583197-5C2C-44D3-B2CC-8C65CFD7778D}.Debug|Any CPU.ActiveCfg = Debug|Any CPU
		{D7583197-5C2C-44D3-B2CC-8C65CFD7778D}.Debug|Any CPU.Build.0 = Debug|Any CPU
		{D7583197-5C2C-44D3-B2CC-8C65CFD7778D}.Debug|x64.ActiveCfg = Debug|Any CPU
		{D7583197-5C2C-44D3-B2CC-8C65CFD7778D}.Debug|x64.Build.0 = Debug|Any CPU
		{D7583197-5C2C-44D3-B2CC-8C65CFD7778D}.Debug|x86.ActiveCfg = Debug|Any CPU
		{D7583197-5C2C-44D3-B2CC-8C65CFD7778D}.Debug|x86.Build.0 = Debug|Any CPU
		{D7583197-5C2C-44D3-B2CC-8C65CFD7778D}.Release|Any CPU.ActiveCfg = Release|Any CPU
		{D7583197-5C2C-44D3-B2CC-8C65CFD7778D}.Release|Any CPU.Build.0 = Release|Any CPU
		{D7583197-5C2C-44D3-B2CC-8C65CFD7778D}.Release|x64.ActiveCfg = Release|Any CPU
		{D7583197-5C2C-44D3-B2CC-8C65CFD7778D}.Release|x64.Build.0 = Release|Any CPU
		{D7583197-5C2C-44D3-B2CC-8C65CFD7778D}.Release|x86.ActiveCfg = Release|Any CPU
		{D7583197-5C2C-44D3-B2CC-8C65CFD7778D}.Release|x86.Build.0 = Release|Any CPU
		{C9BB6526-1785-445F-8F8D-D9D5509B4C68}.Debug|Any CPU.ActiveCfg = Debug|Any CPU
		{C9BB6526-1785-445F-8F8D-D9D5509B4C68}.Debug|Any CPU.Build.0 = Debug|Any CPU
		{C9BB6526-1785-445F-8F8D-D9D5509B4C68}.Debug|x64.ActiveCfg = Debug|Any CPU
		{C9BB6526-1785-445F-8F8D-D9D5509B4C68}.Debug|x64.Build.0 = Debug|Any CPU
		{C9BB6526-1785-445F-8F8D-D9D5509B4C68}.Debug|x86.ActiveCfg = Debug|Any CPU
		{C9BB6526-1785-445F-8F8D-D9D5509B4C68}.Debug|x86.Build.0 = Debug|Any CPU
		{C9BB6526-1785-445F-8F8D-D9D5509B4C68}.Release|Any CPU.ActiveCfg = Release|Any CPU
		{C9BB6526-1785-445F-8F8D-D9D5509B4C68}.Release|Any CPU.Build.0 = Release|Any CPU
		{C9BB6526-1785-445F-8F8D-D9D5509B4C68}.Release|x64.ActiveCfg = Release|Any CPU
		{C9BB6526-1785-445F-8F8D-D9D5509B4C68}.Release|x64.Build.0 = Release|Any CPU
		{C9BB6526-1785-445F-8F8D-D9D5509B4C68}.Release|x86.ActiveCfg = Release|Any CPU
		{C9BB6526-1785-445F-8F8D-D9D5509B4C68}.Release|x86.Build.0 = Release|Any CPU
	EndGlobalSection
	GlobalSection(SolutionProperties) = preSolution
		HideSolutionNode = FALSE
	EndGlobalSection
	GlobalSection(NestedProjects) = preSolution
		{0E6EA065-4831-484B-821F-F0819D62B0CB} = {83780E36-62A4-4496-9CBF-AE7106C79B0C}
		{DCAD2E95-8D1C-48F9-A749-C46A92E0BB0B} = {83780E36-62A4-4496-9CBF-AE7106C79B0C}
		{2CF238E0-AD3D-4D8A-AEB1-573802C58795} = {83780E36-62A4-4496-9CBF-AE7106C79B0C}
		{7B554378-12E9-47A4-85EB-3569748755BE} = {83780E36-62A4-4496-9CBF-AE7106C79B0C}
		{D7583197-5C2C-44D3-B2CC-8C65CFD7778D} = {F9A88236-0A20-4955-8B12-C129EE49A127}
		{C9BB6526-1785-445F-8F8D-D9D5509B4C68} = {F9A88236-0A20-4955-8B12-C129EE49A127}
	EndGlobalSection
	GlobalSection(ExtensibilityGlobals) = postSolution
		SolutionGuid = {A9F73DC7-58C5-46FC-A137-7FA09E691B55}
	EndGlobalSection
EndGlobal
